PODS:
  - cmp (10)
  - GHODictionary (1.1.0)
  - JBChartView (2.8.10)
  - Mantle (2.0.7):
    - Mantle/extobjc (= 2.0.7)
  - Mantle/extobjc (2.0.7)
  - MD5Digest (0.1.0)
  - MessagePackCoder (0.1.1):
    - cmp (~> 10)
  - MGBenchmark (0.3.0)
  - MPackObjc (0.0.1)
  - MPMessagePack (1.3.12):
    - GHODictionary
  - msgpack (0.1.8)

DEPENDENCIES:
  - JBChartView (= 2.8.10)
  - Mantle (= 2.0.7)
  - MD5Digest (= 0.1.0)
  - MessagePackCoder (from `https://raw.githubusercontent.com/VoltMobi/messagepackcoder/master/MessagePackCoder.podspec`)
  - MGBenchmark (from `https://github.com/MattesGroeger/MGBenchmark`)
  - MPackObjc (= 0.0.1)
  - MPMessagePack (= 1.3.12)
  - msgpack (= 0.1.8)

EXTERNAL SOURCES:
  MessagePackCoder:
    :podspec: https://raw.githubusercontent.com/VoltMobi/messagepackcoder/master/MessagePackCoder.podspec
  MGBenchmark:
    :git: https://github.com/MattesGroeger/MGBenchmark

CHECKOUT OPTIONS:
  MGBenchmark:
    :commit: 255a9162f4e495b6cf9fc0a07e3274a0d94a48f9
    :git: https://github.com/MattesGroeger/MGBenchmark

SPEC CHECKSUMS:
  cmp: dfd6dcfef30680dc2e37324366bd35dfbe7d051a
  GHODictionary: 225e042596a4b3d5b66b2b24250086b2f95514af
  JBChartView: 187186c4730d806962da8ba99aa0d03a77aa35f7
  Mantle: bc40bb061d8c2c6fb48d5083e04d928c3b7f73d9
  MD5Digest: 99bcccfc389c5b7a0edaf66beb80fbc7596a3b65
  MessagePackCoder: ab7b84e313cec7f46fe935f090d06a7117e17ad7
  MGBenchmark: 86d5338b9fa58b8c94c5969d02d5862822fdf0f9
  MPackObjc: 5efc3c80dc4911c26498cafca4fa2f176b99bc5e
  MPMessagePack: '078f8c3aed25079bac89003391fdb71f44bcf37a'
  msgpack: 97491d2ea799408f4694f2c7d7fd79baf77853dd

PODFILE CHECKSUM: 4cf0e3aab5818e8d1d6ebc5a5e6d9488ba08ec71

COCOAPODS: 1.0.1
